
Microsoft Visual Studio Solution File, Format Version 12.00
# Visual Studio Version 17
VisualStudioVersion = 17.6.33829.357
MinimumVisualStudioVersion = 10.0.40219.1
Project("{FAE04EC0-301F-11D3-BF4B-00C04F79EFBC}") = "Lab4.2(27.03)", "Lab4.2(27.03).csproj", "{4538FFFB-EF74-4F61-B2AD-5F961434216A}"
EndProject
Global
	GlobalSection(SolutionConfigurationPlatforms) = preSolution
		Debug|Any CPU = Debug|Any CPU
		Release|Any CPU = Release|Any CPU
	EndGlobalSection
	GlobalSection(ProjectConfigurationPlatforms) = postSolution
		{4538FFFB-EF74-4F61-B2AD-5F961434216A}.Debug|Any CPU.ActiveCfg = Debug|Any CPU
		{4538FFFB-EF74-4F61-B2AD-5F961434216A}.Debug|Any CPU.Build.0 = Debug|Any CPU
		{4538FFFB-EF74-4F61-B2AD-5F961434216A}.Release|Any CPU.ActiveCfg = Release|Any CPU
		{4538FFFB-EF74-4F61-B2AD-5F961434216A}.Release|Any CPU.Build.0 = Release|Any CPU
	EndGlobalSection
	GlobalSection(SolutionProperties) = preSolution
		HideSolutionNode = FALSE
	EndGlobalSection
	GlobalSection(ExtensibilityGlobals) = postSolution
		SolutionGuid = {1821622F-9162-4F83-96FE-342F63E2D855}
	EndGlobalSection
EndGlobal
